# THIS IS AN AUTOGENERATED FILE. DO NOT EDIT THIS FILE DIRECTLY.
# yarn lockfile v1


fullcalendar-scheduler@^5.11.3:
  version "5.11.3"
  resolved "https://registry.yarnpkg.com/fullcalendar-scheduler/-/fullcalendar-scheduler-5.11.3.tgz#ecdf30f84833c950dd8da97280a7d448182039f6"
  integrity sha512-53R45CnPETB/Y0+ZrKu9P2t62LrBFjiDEn37LIPNwglFWK/i+RTqqKnEkwO+GSRhCf6BcToLnFZ2TR0CW8BERQ==
