# THIS IS AN AUTOGENERATED FILE. DO NOT EDIT THIS FILE DIRECTLY.
# yarn lockfile v1


"@fortawesome/fontawesome-free@^6.2.1":
  version "6.2.1"
  resolved "https://registry.yarnpkg.com/@fortawesome/fontawesome-free/-/fontawesome-free-6.2.1.tgz#344baf6ff9eaad7a73cff067d8c56bfc11ae5304"
  integrity sha512-viouXhegu/TjkvYQoiRZK3aax69dGXxgEjpvZW81wIJdxm5Fnvp3VVIP4VHKqX4SvFw6qpmkILkD4RJWAdrt7A==

fullcalendar-scheduler@^5.11.3:
  version "5.11.3"
  resolved "https://registry.yarnpkg.com/fullcalendar-scheduler/-/fullcalendar-scheduler-5.11.3.tgz#ecdf30f84833c950dd8da97280a7d448182039f6"
  integrity sha512-53R45CnPETB/Y0+ZrKu9P2t62LrBFjiDEn37LIPNwglFWK/i+RTqqKnEkwO+GSRhCf6BcToLnFZ2TR0CW8BERQ==
